
Microsoft Visual Studio Solution File, Format Version 12.00
# Visual Studio Version 17
VisualStudioVersion = 17.7.34018.315
MinimumVisualStudioVersion = 10.0.40219.1
Project("{FAE04EC0-301F-11D3-BF4B-00C04F79EFBC}") = "PuntoAltoPuntoBajo", "PuntoAltoPuntoBajo\PuntoAltoPuntoBajo.csproj", "{EB54E748-14EF-45D9-868F-1BF7729387EB}"
EndProject
Global
	GlobalSection(SolutionConfigurationPlatforms) = preSolution
		Debug|Any CPU = Debug|Any CPU
		Release|Any CPU = Release|Any CPU
	EndGlobalSection
	GlobalSection(ProjectConfigurationPlatforms) = postSolution
		{EB54E748-14EF-45D9-868F-1BF7729387EB}.Debug|Any CPU.ActiveCfg = Debug|Any CPU
		{EB54E748-14EF-45D9-868F-1BF7729387EB}.Debug|Any CPU.Build.0 = Debug|Any CPU
		{EB54E748-14EF-45D9-868F-1BF7729387EB}.Release|Any CPU.ActiveCfg = Release|Any CPU
		{EB54E748-14EF-45D9-868F-1BF7729387EB}.Release|Any CPU.Build.0 = Release|Any CPU
	EndGlobalSection
	GlobalSection(SolutionProperties) = preSolution
		HideSolutionNode = FALSE
	EndGlobalSection
	GlobalSection(ExtensibilityGlobals) = postSolution
		SolutionGuid = {D05FE4C3-45BC-49B7-8D2A-1B845EF0713A}
	EndGlobalSection
EndGlobal
